// !$*UTF8*$!
{
	archiveVersion = 1;
	classes = {
	};
	objectVersion = 46;
	objects = {

/* Begin PBXBuildFile section */
		F761AEDF185B17C000CF06F4 /* Foundation.framework in Frameworks */ = {isa = PBXBuildFile; fileRef = F761AEDE185B17C000CF06F4 /* Foundation.framework */; };
		F761AEE1185B17C000CF06F4 /* CoreGraphics.framework in Frameworks */ = {isa = PBXBuildFile; fileRef = F761AEE0185B17C000CF06F4 /* CoreGraphics.framework */; };
		F761AEE3185B17C000CF06F4 /* UIKit.framework in Frameworks */ = {isa = PBXBuildFile; fileRef = F761AEE2185B17C000CF06F4 /* UIKit.framework */; };
		F761AEE9185B17C000CF06F4 /* InfoPlist.strings in Resources */ = {isa = PBXBuildFile; fileRef = F761AEE7185B17C000CF06F4 /* InfoPlist.strings */; };
		F761AEEB185B17C000CF06F4 /* main.m in Sources */ = {isa = PBXBuildFile; fileRef = F761AEEA185B17C000CF06F4 /* main.m */; };
		F761AEEF185B17C000CF06F4 /* AppDelegate.m in Sources */ = {isa = PBXBuildFile; fileRef = F761AEEE185B17C000CF06F4 /* AppDelegate.m */; };
		F761AEF2185B17C000CF06F4 /* Main.storyboard in Resources */ = {isa = PBXBuildFile; fileRef = F761AEF0185B17C000CF06F4 /* Main.storyboard */; };
		F761AEF7185B17C000CF06F4 /* Images.xcassets in Resources */ = {isa = PBXBuildFile; fileRef = F761AEF6185B17C000CF06F4 /* Images.xcassets */; };
		F761AEFE185B17C000CF06F4 /* XCTest.framework in Frameworks */ = {isa = PBXBuildFile; fileRef = F761AEFD185B17C000CF06F4 /* XCTest.framework */; };
		F761AEFF185B17C000CF06F4 /* Foundation.framework in Frameworks */ = {isa = PBXBuildFile; fileRef = F761AEDE185B17C000CF06F4 /* Foundation.framework */; };
		F761AF00185B17C000CF06F4 /* UIKit.framework in Frameworks */ = {isa = PBXBuildFile; fileRef = F761AEE2185B17C000CF06F4 /* UIKit.framework */; };
		F77219AA18614FC400C10984 /* SDWebImage.framework in Frameworks */ = {isa = PBXBuildFile; fileRef = F77219A918614FC400C10984 /* SDWebImage.framework */; };
		F77219AC18614FEC00C10984 /* ImageIO.framework in Frameworks */ = {isa = PBXBuildFile; fileRef = F77219AB18614FEC00C10984 /* ImageIO.framework */; };
		F77219AF186150DE00C10984 /* PData.m in Sources */ = {isa = PBXBuildFile; fileRef = F77219AE186150DE00C10984 /* PData.m */; };
		F77219B818617FF900C10984 /* PetCell.m in Sources */ = {isa = PBXBuildFile; fileRef = F77219B218617FF900C10984 /* PetCell.m */; };
		F77219B918617FF900C10984 /* PetCell.xib in Resources */ = {isa = PBXBuildFile; fileRef = F77219B318617FF900C10984 /* PetCell.xib */; };
		F77219BA18617FF900C10984 /* Record.m in Sources */ = {isa = PBXBuildFile; fileRef = F77219B518617FF900C10984 /* Record.m */; settings = {COMPILER_FLAGS = "-fno-objc-arc"; }; };
		F77219BB18617FF900C10984 /* RecordPlus.m in Sources */ = {isa = PBXBuildFile; fileRef = F77219B718617FF900C10984 /* RecordPlus.m */; };
		F77219C51861803700C10984 /* PetParsing.m in Sources */ = {isa = PBXBuildFile; fileRef = F77219C01861803700C10984 /* PetParsing.m */; };
		F77219CE1861805800C10984 /* JSONKit.m in Sources */ = {isa = PBXBuildFile; fileRef = F77219CA1861805800C10984 /* JSONKit.m */; settings = {COMPILER_FLAGS = "-fno-objc-arc"; }; };
		F77219CF1861805800C10984 /* SDWebImage.framework in Frameworks */ = {isa = PBXBuildFile; fileRef = F77219CB1861805800C10984 /* SDWebImage.framework */; };
		F77219D01861805800C10984 /* TTUITableViewZoomController.m in Sources */ = {isa = PBXBuildFile; fileRef = F77219CD1861805800C10984 /* TTUITableViewZoomController.m */; };
		F77219D31861808B00C10984 /* 1.png in Resources */ = {isa = PBXBuildFile; fileRef = F77219D21861808B00C10984 /* 1.png */; };
		F77219D71861810300C10984 /* ViewController.m in Sources */ = {isa = PBXBuildFile; fileRef = F77219D61861810300C10984 /* ViewController.m */; };
/* End PBXBuildFile section */

/* Begin PBXContainerItemProxy section */
		F761AF01185B17C000CF06F4 /* PBXContainerItemProxy */ = {
			isa = PBXContainerItemProxy;
			containerPortal = F761AED3185B17C000CF06F4 /* Project object */;
			proxyType = 1;
			remoteGlobalIDString = F761AEDA185B17C000CF06F4;
			remoteInfo = GotPet;
		};
/* End PBXContainerItemProxy section */

/* Begin PBXFileReference section */
		F761AEDB185B17C000CF06F4 /* GotPet.app */ = {isa = PBXFileReference; explicitFileType = wrapper.application; includeInIndex = 0; path = GotPet.app; sourceTree = BUILT_PRODUCTS_DIR; };
		F761AEDE185B17C000CF06F4 /* Foundation.framework */ = {isa = PBXFileReference; lastKnownFileType = wrapper.framework; name = Foundation.framework; path = System/Library/Frameworks/Foundation.framework; sourceTree = SDKROOT; };
		F761AEE0185B17C000CF06F4 /* CoreGraphics.framework */ = {isa = PBXFileReference; lastKnownFileType = wrapper.framework; name = CoreGraphics.framework; path = System/Library/Frameworks/CoreGraphics.framework; sourceTree = SDKROOT; };
		F761AEE2185B17C000CF06F4 /* UIKit.framework */ = {isa = PBXFileReference; lastKnownFileType = wrapper.framework; name = UIKit.framework; path = System/Library/Frameworks/UIKit.framework; sourceTree = SDKROOT; };
		F761AEE6185B17C000CF06F4 /* GotPet-Info.plist */ = {isa = PBXFileReference; lastKnownFileType = text.plist.xml; path = "GotPet-Info.plist"; sourceTree = "<group>"; };
		F761AEE8185B17C000CF06F4 /* en */ = {isa = PBXFileReference; lastKnownFileType = text.plist.strings; name = en; path = en.lproj/InfoPlist.strings; sourceTree = "<group>"; };
		F761AEEA185B17C000CF06F4 /* main.m */ = {isa = PBXFileReference; lastKnownFileType = sourcecode.c.objc; path = main.m; sourceTree = "<group>"; };
		F761AEEC185B17C000CF06F4 /* GotPet-Prefix.pch */ = {isa = PBXFileReference; lastKnownFileType = sourcecode.c.h; path = "GotPet-Prefix.pch"; sourceTree = "<group>"; };
		F761AEED185B17C000CF06F4 /* AppDelegate.h */ = {isa = PBXFileReference; lastKnownFileType = sourcecode.c.h; path = AppDelegate.h; sourceTree = "<group>"; };
		F761AEEE185B17C000CF06F4 /* AppDelegate.m */ = {isa = PBXFileReference; lastKnownFileType = sourcecode.c.objc; path = AppDelegate.m; sourceTree = "<group>"; };
		F761AEF1185B17C000CF06F4 /* Base */ = {isa = PBXFileReference; lastKnownFileType = file.storyboard; name = Base; path = Base.lproj/Main.storyboard; sourceTree = "<group>"; };
		F761AEF6185B17C000CF06F4 /* Images.xcassets */ = {isa = PBXFileReference; lastKnownFileType = folder.assetcatalog; path = Images.xcassets; sourceTree = "<group>"; };
		F761AEFC185B17C000CF06F4 /* GotPetTests.xctest */ = {isa = PBXFileReference; explicitFileType = wrapper.cfbundle; includeInIndex = 0; path = GotPetTests.xctest; sourceTree = BUILT_PRODUCTS_DIR; };
		F761AEFD185B17C000CF06F4 /* XCTest.framework */ = {isa = PBXFileReference; lastKnownFileType = wrapper.framework; name = XCTest.framework; path = Library/Frameworks/XCTest.framework; sourceTree = DEVELOPER_DIR; };
		F77219A918614FC400C10984 /* SDWebImage.framework */ = {isa = PBXFileReference; lastKnownFileType = wrapper.framework; name = SDWebImage.framework; path = GotPet/SDWebImage.framework; sourceTree = "<group>"; };
		F77219AB18614FEC00C10984 /* ImageIO.framework */ = {isa = PBXFileReference; lastKnownFileType = wrapper.framework; name = ImageIO.framework; path = System/Library/Frameworks/ImageIO.framework; sourceTree = SDKROOT; };
		F77219AD186150DE00C10984 /* PData.h */ = {isa = PBXFileReference; fileEncoding = 4; lastKnownFileType = sourcecode.c.h; path = PData.h; sourceTree = "<group>"; };
		F77219AE186150DE00C10984 /* PData.m */ = {isa = PBXFileReference; fileEncoding = 4; lastKnownFileType = sourcecode.c.objc; path = PData.m; sourceTree = "<group>"; };
		F77219B118617FF900C10984 /* PetCell.h */ = {isa = PBXFileReference; fileEncoding = 4; lastKnownFileType = sourcecode.c.h; path = PetCell.h; sourceTree = "<group>"; };
		F77219B218617FF900C10984 /* PetCell.m */ = {isa = PBXFileReference; fileEncoding = 4; lastKnownFileType = sourcecode.c.objc; path = PetCell.m; sourceTree = "<group>"; };
		F77219B318617FF900C10984 /* PetCell.xib */ = {isa = PBXFileReference; fileEncoding = 4; lastKnownFileType = file.xib; path = PetCell.xib; sourceTree = "<group>"; };
		F77219B418617FF900C10984 /* Record.h */ = {isa = PBXFileReference; fileEncoding = 4; lastKnownFileType = sourcecode.c.h; path = Record.h; sourceTree = "<group>"; };
		F77219B518617FF900C10984 /* Record.m */ = {isa = PBXFileReference; fileEncoding = 4; lastKnownFileType = sourcecode.c.objc; path = Record.m; sourceTree = "<group>"; };
		F77219B618617FF900C10984 /* RecordPlus.h */ = {isa = PBXFileReference; fileEncoding = 4; lastKnownFileType = sourcecode.c.h; path = RecordPlus.h; sourceTree = "<group>"; };
		F77219B718617FF900C10984 /* RecordPlus.m */ = {isa = PBXFileReference; fileEncoding = 4; lastKnownFileType = sourcecode.c.objc; path = RecordPlus.m; sourceTree = "<group>"; };
		F77219BF1861803700C10984 /* PetParsing.h */ = {isa = PBXFileReference; fileEncoding = 4; lastKnownFileType = sourcecode.c.h; path = PetParsing.h; sourceTree = "<group>"; };
		F77219C01861803700C10984 /* PetParsing.m */ = {isa = PBXFileReference; fileEncoding = 4; lastKnownFileType = sourcecode.c.objc; path = PetParsing.m; sourceTree = "<group>"; };
		F77219C91861805800C10984 /* JSONKit.h */ = {isa = PBXFileReference; fileEncoding = 4; lastKnownFileType = sourcecode.c.h; path = JSONKit.h; sourceTree = "<group>"; };
		F77219CA1861805800C10984 /* JSONKit.m */ = {isa = PBXFileReference; fileEncoding = 4; lastKnownFileType = sourcecode.c.objc; path = JSONKit.m; sourceTree = "<group>"; };
		F77219CB1861805800C10984 /* SDWebImage.framework */ = {isa = PBXFileReference; lastKnownFileType = wrapper.framework; path = SDWebImage.framework; sourceTree = "<group>"; };
		F77219CC1861805800C10984 /* TTUITableViewZoomController.h */ = {isa = PBXFileReference; fileEncoding = 4; lastKnownFileType = sourcecode.c.h; path = TTUITableViewZoomController.h; sourceTree = "<group>"; };
		F77219CD1861805800C10984 /* TTUITableViewZoomController.m */ = {isa = PBXFileReference; fileEncoding = 4; lastKnownFileType = sourcecode.c.objc; path = TTUITableViewZoomController.m; sourceTree = "<group>"; };
		F77219D21861808B00C10984 /* 1.png */ = {isa = PBXFileReference; lastKnownFileType = image.png; path = 1.png; sourceTree = "<group>"; };
		F77219D51861810300C10984 /* ViewController.h */ = {isa = PBXFileReference; fileEncoding = 4; lastKnownFileType = sourcecode.c.h; path = ViewController.h; sourceTree = "<group>"; };
		F77219D61861810300C10984 /* ViewController.m */ = {isa = PBXFileReference; fileEncoding = 4; lastKnownFileType = sourcecode.c.objc; path = ViewController.m; sourceTree = "<group>"; };
/* End PBXFileReference section */

/* Begin PBXFrameworksBuildPhase section */
		F761AED8185B17C000CF06F4 /* Frameworks */ = {
			isa = PBXFrameworksBuildPhase;
			buildActionMask = 2147483647;
			files = (
				F77219AC18614FEC00C10984 /* ImageIO.framework in Frameworks */,
				F77219AA18614FC400C10984 /* SDWebImage.framework in Frameworks */,
				F761AEE1185B17C000CF06F4 /* CoreGraphics.framework in Frameworks */,
				F761AEE3185B17C000CF06F4 /* UIKit.framework in Frameworks */,
				F77219CF1861805800C10984 /* SDWebImage.framework in Frameworks */,
				F761AEDF185B17C000CF06F4 /* Foundation.framework in Frameworks */,
			);
			runOnlyForDeploymentPostprocessing = 0;
		};
		F761AEF9185B17C000CF06F4 /* Frameworks */ = {
			isa = PBXFrameworksBuildPhase;
			buildActionMask = 2147483647;
			files = (
				F761AEFE185B17C000CF06F4 /* XCTest.framework in Frameworks */,
				F761AF00185B17C000CF06F4 /* UIKit.framework in Frameworks */,
				F761AEFF185B17C000CF06F4 /* Foundation.framework in Frameworks */,
			);
			runOnlyForDeploymentPostprocessing = 0;
		};
/* End PBXFrameworksBuildPhase section */

/* Begin PBXGroup section */
		F761AED2185B17C000CF06F4 = {
			isa = PBXGroup;
			children = (
				F761AEE4185B17C000CF06F4 /* GotPet */,
				F761AEDD185B17C000CF06F4 /* Frameworks */,
				F761AEDC185B17C000CF06F4 /* Products */,
			);
			sourceTree = "<group>";
		};
		F761AEDC185B17C000CF06F4 /* Products */ = {
			isa = PBXGroup;
			children = (
				F761AEDB185B17C000CF06F4 /* GotPet.app */,
				F761AEFC185B17C000CF06F4 /* GotPetTests.xctest */,
			);
			name = Products;
			sourceTree = "<group>";
		};
		F761AEDD185B17C000CF06F4 /* Frameworks */ = {
			isa = PBXGroup;
			children = (
				F77219AB18614FEC00C10984 /* ImageIO.framework */,
				F77219A918614FC400C10984 /* SDWebImage.framework */,
				F761AEDE185B17C000CF06F4 /* Foundation.framework */,
				F761AEE0185B17C000CF06F4 /* CoreGraphics.framework */,
				F761AEE2185B17C000CF06F4 /* UIKit.framework */,
				F761AEFD185B17C000CF06F4 /* XCTest.framework */,
			);
			name = Frameworks;
			sourceTree = "<group>";
		};
		F761AEE4185B17C000CF06F4 /* GotPet */ = {
			isa = PBXGroup;
			children = (
				F761AEED185B17C000CF06F4 /* AppDelegate.h */,
				F761AEEE185B17C000CF06F4 /* AppDelegate.m */,
				F77219AD186150DE00C10984 /* PData.h */,
				F77219AE186150DE00C10984 /* PData.m */,
				F761AEF0185B17C000CF06F4 /* Main.storyboard */,
				F77219D41861810300C10984 /* ViewControllers */,
				F77219BC1861803700C10984 /* Tool */,
				F77219B018617FF900C10984 /* Module */,
				F77219D11861808B00C10984 /* Resources */,
				F761AEF6185B17C000CF06F4 /* Images.xcassets */,
				F761AEE5185B17C000CF06F4 /* Supporting Files */,
			);
			path = GotPet;
			sourceTree = "<group>";
		};
		F761AEE5185B17C000CF06F4 /* Supporting Files */ = {
			isa = PBXGroup;
			children = (
				F761AEE6185B17C000CF06F4 /* GotPet-Info.plist */,
				F761AEE7185B17C000CF06F4 /* InfoPlist.strings */,
				F761AEEA185B17C000CF06F4 /* main.m */,
				F761AEEC185B17C000CF06F4 /* GotPet-Prefix.pch */,
			);
			name = "Supporting Files";
			sourceTree = "<group>";
		};
		F77219B018617FF900C10984 /* Module */ = {
			isa = PBXGroup;
			children = (
				F77219B118617FF900C10984 /* PetCell.h */,
				F77219B218617FF900C10984 /* PetCell.m */,
				F77219B318617FF900C10984 /* PetCell.xib */,
				F77219B418617FF900C10984 /* Record.h */,
				F77219B518617FF900C10984 /* Record.m */,
				F77219B618617FF900C10984 /* RecordPlus.h */,
				F77219B718617FF900C10984 /* RecordPlus.m */,
			);
			path = Module;
			sourceTree = "<group>";
		};
		F77219BC1861803700C10984 /* Tool */ = {
			isa = PBXGroup;
			children = (
				F77219C81861805800C10984 /* ThirdParty */,
				F77219BF1861803700C10984 /* PetParsing.h */,
				F77219C01861803700C10984 /* PetParsing.m */,
			);
			path = Tool;
			sourceTree = "<group>";
		};
		F77219C81861805800C10984 /* ThirdParty */ = {
			isa = PBXGroup;
			children = (
				F77219CB1861805800C10984 /* SDWebImage.framework */,
				F77219C91861805800C10984 /* JSONKit.h */,
				F77219CA1861805800C10984 /* JSONKit.m */,
				F77219CC1861805800C10984 /* TTUITableViewZoomController.h */,
				F77219CD1861805800C10984 /* TTUITableViewZoomController.m */,
			);
			path = ThirdParty;
			sourceTree = "<group>";
		};
		F77219D11861808B00C10984 /* Resources */ = {
			isa = PBXGroup;
			children = (
				F77219D21861808B00C10984 /* 1.png */,
			);
			path = Resources;
			sourceTree = "<group>";
		};
		F77219D41861810300C10984 /* ViewControllers */ = {
			isa = PBXGroup;
			children = (
				F77219D51861810300C10984 /* ViewController.h */,
				F77219D61861810300C10984 /* ViewController.m */,
			);
			path = ViewControllers;
			sourceTree = "<group>";
		};
/* End PBXGroup section */

/* Begin PBXNativeTarget section */
		F761AEDA185B17C000CF06F4 /* GotPet */ = {
			isa = PBXNativeTarget;
			buildConfigurationList = F761AF0D185B17C000CF06F4 /* Build configuration list for PBXNativeTarget "GotPet" */;
			buildPhases = (
				F761AED7185B17C000CF06F4 /* Sources */,
				F761AED8185B17C000CF06F4 /* Frameworks */,
				F761AED9185B17C000CF06F4 /* Resources */,
			);
			buildRules = (
			);
			dependencies = (
			);
			name = GotPet;
			productName = GotPet;
			productReference = F761AEDB185B17C000CF06F4 /* GotPet.app */;
			productType = "com.apple.product-type.application";
		};
		F761AEFB185B17C000CF06F4 /* GotPetTests */ = {
			isa = PBXNativeTarget;
			buildConfigurationList = F761AF10185B17C000CF06F4 /* Build configuration list for PBXNativeTarget "GotPetTests" */;
			buildPhases = (
				F761AEF8185B17C000CF06F4 /* Sources */,
				F761AEF9185B17C000CF06F4 /* Frameworks */,
				F761AEFA185B17C000CF06F4 /* Resources */,
			);
			buildRules = (
			);
			dependencies = (
				F761AF02185B17C000CF06F4 /* PBXTargetDependency */,
			);
			name = GotPetTests;
			productName = GotPetTests;
			productReference = F761AEFC185B17C000CF06F4 /* GotPetTests.xctest */;
			productType = "com.apple.product-type.bundle.unit-test";
		};
/* End PBXNativeTarget section */

/* Begin PBXProject section */
		F761AED3185B17C000CF06F4 /* Project object */ = {
			isa = PBXProject;
			attributes = {
				LastUpgradeCheck = 0500;
				ORGANIZATIONNAME = "David Tseng";
				TargetAttributes = {
					F761AEFB185B17C000CF06F4 = {
						TestTargetID = F761AEDA185B17C000CF06F4;
					};
				};
			};
			buildConfigurationList = F761AED6185B17C000CF06F4 /* Build configuration list for PBXProject "GotPet" */;
			compatibilityVersion = "Xcode 3.2";
			developmentRegion = English;
			hasScannedForEncodings = 0;
			knownRegions = (
				en,
				Base,
			);
			mainGroup = F761AED2185B17C000CF06F4;
			productRefGroup = F761AEDC185B17C000CF06F4 /* Products */;
			projectDirPath = "";
			projectRoot = "";
			targets = (
				F761AEDA185B17C000CF06F4 /* GotPet */,
				F761AEFB185B17C000CF06F4 /* GotPetTests */,
			);
		};
/* End PBXProject section */

/* Begin PBXResourcesBuildPhase section */
		F761AED9185B17C000CF06F4 /* Resources */ = {
			isa = PBXResourcesBuildPhase;
			buildActionMask = 2147483647;
			files = (
				F761AEF7185B17C000CF06F4 /* Images.xcassets in Resources */,
				F761AEE9185B17C000CF06F4 /* InfoPlist.strings in Resources */,
				F77219D31861808B00C10984 /* 1.png in Resources */,
				F77219B918617FF900C10984 /* PetCell.xib in Resources */,
				F761AEF2185B17C000CF06F4 /* Main.storyboard in Resources */,
			);
			runOnlyForDeploymentPostprocessing = 0;
		};
		F761AEFA185B17C000CF06F4 /* Resources */ = {
			isa = PBXResourcesBuildPhase;
			buildActionMask = 2147483647;
			files = (
			);
			runOnlyForDeploymentPostprocessing = 0;
		};
/* End PBXResourcesBuildPhase section */

/* Begin PBXSourcesBuildPhase section */
		F761AED7185B17C000CF06F4 /* Sources */ = {
			isa = PBXSourcesBuildPhase;
			buildActionMask = 2147483647;
			files = (
				F77219AF186150DE00C10984 /* PData.m in Sources */,
				F77219BA18617FF900C10984 /* Record.m in Sources */,
				F77219CE1861805800C10984 /* JSONKit.m in Sources */,
				F77219BB18617FF900C10984 /* RecordPlus.m in Sources */,
				F77219D01861805800C10984 /* TTUITableViewZoomController.m in Sources */,
				F77219D71861810300C10984 /* ViewController.m in Sources */,
				F761AEEF185B17C000CF06F4 /* AppDelegate.m in Sources */,
				F77219B818617FF900C10984 /* PetCell.m in Sources */,
				F77219C51861803700C10984 /* PetParsing.m in Sources */,
				F761AEEB185B17C000CF06F4 /* main.m in Sources */,
			);
			runOnlyForDeploymentPostprocessing = 0;
		};
		F761AEF8185B17C000CF06F4 /* Sources */ = {
			isa = PBXSourcesBuildPhase;
			buildActionMask = 2147483647;
			files = (
			);
			runOnlyForDeploymentPostprocessing = 0;
		};
/* End PBXSourcesBuildPhase section */

/* Begin PBXTargetDependency section */
		F761AF02185B17C000CF06F4 /* PBXTargetDependency */ = {
			isa = PBXTargetDependency;
			target = F761AEDA185B17C000CF06F4 /* GotPet */;
			targetProxy = F761AF01185B17C000CF06F4 /* PBXContainerItemProxy */;
		};
/* End PBXTargetDependency section */

/* Begin PBXVariantGroup section */
		F761AEE7185B17C000CF06F4 /* InfoPlist.strings */ = {
			isa = PBXVariantGroup;
			children = (
				F761AEE8185B17C000CF06F4 /* en */,
			);
			name = InfoPlist.strings;
			sourceTree = "<group>";
		};
		F761AEF0185B17C000CF06F4 /* Main.storyboard */ = {
			isa = PBXVariantGroup;
			children = (
				F761AEF1185B17C000CF06F4 /* Base */,
			);
			name = Main.storyboard;
			sourceTree = "<group>";
		};
/* End PBXVariantGroup section */

/* Begin XCBuildConfiguration section */
		F761AF0B185B17C000CF06F4 /* Debug */ = {
			isa = XCBuildConfiguration;
			buildSettings = {
				ALWAYS_SEARCH_USER_PATHS = NO;
				ARCHS = "$(ARCHS_STANDARD_INCLUDING_64_BIT)";
				CLANG_CXX_LANGUAGE_STANDARD = "gnu++0x";
				CLANG_CXX_LIBRARY = "libc++";
				CLANG_ENABLE_MODULES = YES;
				CLANG_ENABLE_OBJC_ARC = YES;
				CLANG_WARN_BOOL_CONVERSION = YES;
				CLANG_WARN_CONSTANT_CONVERSION = YES;
				CLANG_WARN_DIRECT_OBJC_ISA_USAGE = YES_ERROR;
				CLANG_WARN_EMPTY_BODY = YES;
				CLANG_WARN_ENUM_CONVERSION = YES;
				CLANG_WARN_INT_CONVERSION = YES;
				CLANG_WARN_OBJC_ROOT_CLASS = YES_ERROR;
				CLANG_WARN__DUPLICATE_METHOD_MATCH = YES;
				"CODE_SIGN_IDENTITY[sdk=iphoneos*]" = "iPhone Developer";
				COPY_PHASE_STRIP = NO;
				GCC_C_LANGUAGE_STANDARD = gnu99;
				GCC_DYNAMIC_NO_PIC = NO;
				GCC_OPTIMIZATION_LEVEL = 0;
				GCC_PREPROCESSOR_DEFINITIONS = (
					"DEBUG=1",
					"$(inherited)",
				);
				GCC_SYMBOLS_PRIVATE_EXTERN = NO;
				GCC_WARN_64_TO_32_BIT_CONVERSION = YES;
				GCC_WARN_ABOUT_RETURN_TYPE = YES_ERROR;
				GCC_WARN_UNDECLARED_SELECTOR = YES;
				GCC_WARN_UNINITIALIZED_AUTOS = YES;
				GCC_WARN_UNUSED_FUNCTION = YES;
				GCC_WARN_UNUSED_VARIABLE = YES;
				IPHONEOS_DEPLOYMENT_TARGET = 7.0;
				ONLY_ACTIVE_ARCH = YES;
				SDKROOT = iphoneos;
			};
			name = Debug;
		};
		F761AF0C185B17C000CF06F4 /* Release */ = {
			isa = XCBuildConfiguration;
			buildSettings = {
				ALWAYS_SEARCH_USER_PATHS = NO;
				ARCHS = "$(ARCHS_STANDARD_INCLUDING_64_BIT)";
				CLANG_CXX_LANGUAGE_STANDARD = "gnu++0x";
				CLANG_CXX_LIBRARY = "libc++";
				CLANG_ENABLE_MODULES = YES;
				CLANG_ENABLE_OBJC_ARC = YES;
				CLANG_WARN_BOOL_CONVERSION = YES;
				CLANG_WARN_CONSTANT_CONVERSION = YES;
				CLANG_WARN_DIRECT_OBJC_ISA_USAGE = YES_ERROR;
				CLANG_WARN_EMPTY_BODY = YES;
				CLANG_WARN_ENUM_CONVERSION = YES;
				CLANG_WARN_INT_CONVERSION = YES;
				CLANG_WARN_OBJC_ROOT_CLASS = YES_ERROR;
				CLANG_WARN__DUPLICATE_METHOD_MATCH = YES;
				"CODE_SIGN_IDENTITY[sdk=iphoneos*]" = "iPhone Developer";
				COPY_PHASE_STRIP = YES;
				ENABLE_NS_ASSERTIONS = NO;
				GCC_C_LANGUAGE_STANDARD = gnu99;
				GCC_WARN_64_TO_32_BIT_CONVERSION = YES;
				GCC_WARN_ABOUT_RETURN_TYPE = YES_ERROR;
				GCC_WARN_UNDECLARED_SELECTOR = YES;
				GCC_WARN_UNINITIALIZED_AUTOS = YES;
				GCC_WARN_UNUSED_FUNCTION = YES;
				GCC_WARN_UNUSED_VARIABLE = YES;
				IPHONEOS_DEPLOYMENT_TARGET = 7.0;
				SDKROOT = iphoneos;
				VALIDATE_PRODUCT = YES;
			};
			name = Release;
		};
		F761AF0E185B17C000CF06F4 /* Debug */ = {
			isa = XCBuildConfiguration;
			buildSettings = {
				ASSETCATALOG_COMPILER_APPICON_NAME = AppIcon;
				ASSETCATALOG_COMPILER_LAUNCHIMAGE_NAME = LaunchImage;
				FRAMEWORK_SEARCH_PATHS = (
					"$(inherited)",
					"/Users/dtseng/Documents/iOS\\ Workspace/GitHub/GotPet",
					"/Users/dtseng/Documents/iOS\\ Workspace/GitHub/GotPet/GotPet",
					"/Users/dtseng/Documents/iOS\\ Workspace/GitHub/GotPet/GotPet/Tool",
					"/Users/dtseng/Documents/iOS\\ Workspace/GitHub/GotPet/GotPet/Tool/ThirdParty",
				);
				GCC_PRECOMPILE_PREFIX_HEADER = YES;
				GCC_PREFIX_HEADER = "GotPet/GotPet-Prefix.pch";
				INFOPLIST_FILE = "GotPet/GotPet-Info.plist";
				LIBRARY_SEARCH_PATHS = (
					"$(inherited)",
					"/Users/dtseng/Documents/iOS\\ Workspace/GitHub/GotPet/GotPet",
				);
				OTHER_LDFLAGS = "-ObjC";
				PRODUCT_NAME = "$(TARGET_NAME)";
				WRAPPER_EXTENSION = app;
			};
			name = Debug;
		};
		F761AF0F185B17C000CF06F4 /* Release */ = {
			isa = XCBuildConfiguration;
			buildSettings = {
				ASSETCATALOG_COMPILER_APPICON_NAME = AppIcon;
				ASSETCATALOG_COMPILER_LAUNCHIMAGE_NAME = LaunchImage;
				FRAMEWORK_SEARCH_PATHS = (
					"$(inherited)",
					"/Users/dtseng/Documents/iOS\\ Workspace/GitHub/GotPet",
					"/Users/dtseng/Documents/iOS\\ Workspace/GitHub/GotPet/GotPet",
					"/Users/dtseng/Documents/iOS\\ Workspace/GitHub/GotPet/GotPet/Tool",
					"/Users/dtseng/Documents/iOS\\ Workspace/GitHub/GotPet/GotPet/Tool/ThirdParty",
				);
				GCC_PRECOMPILE_PREFIX_HEADER = YES;
				GCC_PREFIX_HEADER = "GotPet/GotPet-Prefix.pch";
				INFOPLIST_FILE = "GotPet/GotPet-Info.plist";
				LIBRARY_SEARCH_PATHS = (
					"$(inherited)",
					"/Users/dtseng/Documents/iOS\\ Workspace/GitHub/GotPet/GotPet",
				);
				OTHER_LDFLAGS = "-ObjC";
				PRODUCT_NAME = "$(TARGET_NAME)";
				WRAPPER_EXTENSION = app;
			};
			name = Release;
		};
		F761AF11185B17C000CF06F4 /* Debug */ = {
			isa = XCBuildConfiguration;
			buildSettings = {
				ARCHS = "$(ARCHS_STANDARD_INCLUDING_64_BIT)";
				BUNDLE_LOADER = "$(BUILT_PRODUCTS_DIR)/GotPet.app/GotPet";
				FRAMEWORK_SEARCH_PATHS = (
					"$(SDKROOT)/Developer/Library/Frameworks",
					"$(inherited)",
					"$(DEVELOPER_FRAMEWORKS_DIR)",
				);
				GCC_PRECOMPILE_PREFIX_HEADER = YES;
				GCC_PREFIX_HEADER = "GotPet/GotPet-Prefix.pch";
				GCC_PREPROCESSOR_DEFINITIONS = (
					"DEBUG=1",
					"$(inherited)",
				);
				INFOPLIST_FILE = "GotPetTests/GotPetTests-Info.plist";
				PRODUCT_NAME = "$(TARGET_NAME)";
				TEST_HOST = "$(BUNDLE_LOADER)";
				WRAPPER_EXTENSION = xctest;
			};
			name = Debug;
		};
		F761AF12185B17C000CF06F4 /* Release */ = {
			isa = XCBuildConfiguration;
			buildSettings = {
				ARCHS = "$(ARCHS_STANDARD_INCLUDING_64_BIT)";
				BUNDLE_LOADER = "$(BUILT_PRODUCTS_DIR)/GotPet.app/GotPet";
				FRAMEWORK_SEARCH_PATHS = (
					"$(SDKROOT)/Developer/Library/Frameworks",
					"$(inherited)",
					"$(DEVELOPER_FRAMEWORKS_DIR)",
				);
				GCC_PRECOMPILE_PREFIX_HEADER = YES;
				GCC_PREFIX_HEADER = "GotPet/GotPet-Prefix.pch";
				INFOPLIST_FILE = "GotPetTests/GotPetTests-Info.plist";
				PRODUCT_NAME = "$(TARGET_NAME)";
				TEST_HOST = "$(BUNDLE_LOADER)";
				WRAPPER_EXTENSION = xctest;
			};
			name = Release;
		};
/* End XCBuildConfiguration section */

/* Begin XCConfigurationList section */
		F761AED6185B17C000CF06F4 /* Build configuration list for PBXProject "GotPet" */ = {
			isa = XCConfigurationList;
			buildConfigurations = (
				F761AF0B185B17C000CF06F4 /* Debug */,
				F761AF0C185B17C000CF06F4 /* Release */,
			);
			defaultConfigurationIsVisible = 0;
			defaultConfigurationName = Release;
		};
		F761AF0D185B17C000CF06F4 /* Build configuration list for PBXNativeTarget "GotPet" */ = {
			isa = XCConfigurationList;
			buildConfigurations = (
				F761AF0E185B17C000CF06F4 /* Debug */,
				F761AF0F185B17C000CF06F4 /* Release */,
			);
			defaultConfigurationIsVisible = 0;
			defaultConfigurationName = Release;
		};
		F761AF10185B17C000CF06F4 /* Build configuration list for PBXNativeTarget "GotPetTests" */ = {
			isa = XCConfigurationList;
			buildConfigurations = (
				F761AF11185B17C000CF06F4 /* Debug */,
				F761AF12185B17C000CF06F4 /* Release */,
			);
			defaultConfigurationIsVisible = 0;
			defaultConfigurationName = Release;
		};
/* End XCConfigurationList section */
	};
	rootObject = F761AED3185B17C000CF06F4 /* Project object */;
}
